// !$*UTF8*$!
{
	archiveVersion = 1;
	classes = {
	};
	objectVersion = 46;
	objects = {

/* Begin PBXBuildFile section */
		050000081DBE263300E83F4A /* MainTabBarController.swift in Sources */ = {isa = PBXBuildFile; fileRef = 050000071DBE263300E83F4A /* MainTabBarController.swift */; };
		0500FFB91DBDCF0C00E83F4A /* AppDelegate.swift in Sources */ = {isa = PBXBuildFile; fileRef = 0500FFB81DBDCF0C00E83F4A /* AppDelegate.swift */; };
		0500FFBB1DBDCF0C00E83F4A /* ViewController.swift in Sources */ = {isa = PBXBuildFile; fileRef = 0500FFBA1DBDCF0C00E83F4A /* ViewController.swift */; };
		0500FFBE1DBDCF0C00E83F4A /* Main.storyboard in Resources */ = {isa = PBXBuildFile; fileRef = 0500FFBC1DBDCF0C00E83F4A /* Main.storyboard */; };
		0500FFC11DBDCF0C00E83F4A /* Bulletin.xcdatamodeld in Sources */ = {isa = PBXBuildFile; fileRef = 0500FFBF1DBDCF0C00E83F4A /* Bulletin.xcdatamodeld */; };
		0500FFC31DBDCF0C00E83F4A /* Assets.xcassets in Resources */ = {isa = PBXBuildFile; fileRef = 0500FFC21DBDCF0C00E83F4A /* Assets.xcassets */; };
		0500FFC61DBDCF0C00E83F4A /* LaunchScreen.storyboard in Resources */ = {isa = PBXBuildFile; fileRef = 0500FFC41DBDCF0C00E83F4A /* LaunchScreen.storyboard */; };
		0500FFD11DBDCF0C00E83F4A /* BulletinTests.swift in Sources */ = {isa = PBXBuildFile; fileRef = 0500FFD01DBDCF0C00E83F4A /* BulletinTests.swift */; };
		0500FFDC1DBDCF0C00E83F4A /* BulletinUITests.swift in Sources */ = {isa = PBXBuildFile; fileRef = 0500FFDB1DBDCF0C00E83F4A /* BulletinUITests.swift */; };
		0500FFEA1DBDD06A00E83F4A /* FlatButton.swift in Sources */ = {isa = PBXBuildFile; fileRef = 0500FFE91DBDD06A00E83F4A /* FlatButton.swift */; };
		0500FFEC1DBDE71800E83F4A /* bulletin_board_icon@2x.jpg in Resources */ = {isa = PBXBuildFile; fileRef = 0500FFEB1DBDE71800E83F4A /* bulletin_board_icon@2x.jpg */; };
		0500FFEE1DBDE89A00E83F4A /* background@2x.jpg in Resources */ = {isa = PBXBuildFile; fileRef = 0500FFED1DBDE89A00E83F4A /* background@2x.jpg */; };
		0500FFF01DBDE98400E83F4A /* Singleton.swift in Sources */ = {isa = PBXBuildFile; fileRef = 0500FFEF1DBDE98400E83F4A /* Singleton.swift */; };
		0500FFF61DBDF17700E83F4A /* GrayBarView.swift in Sources */ = {isa = PBXBuildFile; fileRef = 0500FFF51DBDF17700E83F4A /* GrayBarView.swift */; };
		0500FFFD1DBDF58F00E83F4A /* CircleLabelView.swift in Sources */ = {isa = PBXBuildFile; fileRef = 0500FFFC1DBDF58F00E83F4A /* CircleLabelView.swift */; };
		0500FFFF1DBE004B00E83F4A /* OrangeBarView.swift in Sources */ = {isa = PBXBuildFile; fileRef = 0500FFFE1DBE004B00E83F4A /* OrangeBarView.swift */; };
		050967961DF4E813001896C9 /* RetrieveProfileViewController.swift in Sources */ = {isa = PBXBuildFile; fileRef = 050967951DF4E813001896C9 /* RetrieveProfileViewController.swift */; };
		050967981DF4F8B3001896C9 /* messaging_icon@2x.png in Resources */ = {isa = PBXBuildFile; fileRef = 050967971DF4F8B3001896C9 /* messaging_icon@2x.png */; };
		052427E91DF3D472000D363D /* BulletinItem.swift in Sources */ = {isa = PBXBuildFile; fileRef = 052427E81DF3D472000D363D /* BulletinItem.swift */; };
		0526B7E71DBEBA72005A136C /* HomeViewController.swift in Sources */ = {isa = PBXBuildFile; fileRef = 0526B7E61DBEBA72005A136C /* HomeViewController.swift */; };
		0526B7E91DBEBAA0005A136C /* MessageViewController.swift in Sources */ = {isa = PBXBuildFile; fileRef = 0526B7E81DBEBAA0005A136C /* MessageViewController.swift */; };
		0526B7EB1DBEBAD4005A136C /* SettingsViewController.swift in Sources */ = {isa = PBXBuildFile; fileRef = 0526B7EA1DBEBAD4005A136C /* SettingsViewController.swift */; };
		0526B7ED1DBEBB19005A136C /* PostViewController.swift in Sources */ = {isa = PBXBuildFile; fileRef = 0526B7EC1DBEBB19005A136C /* PostViewController.swift */; };
		0526B7EF1DBEBB67005A136C /* ActivityViewController.swift in Sources */ = {isa = PBXBuildFile; fileRef = 0526B7EE1DBEBB67005A136C /* ActivityViewController.swift */; };
		0545A1AD1DF22BE20081F2B5 /* ItemViewController.swift in Sources */ = {isa = PBXBuildFile; fileRef = 0545A1AC1DF22BE20081F2B5 /* ItemViewController.swift */; };
		0545A1AF1DF22BF50081F2B5 /* UserViewController.swift in Sources */ = {isa = PBXBuildFile; fileRef = 0545A1AE1DF22BF50081F2B5 /* UserViewController.swift */; };
		0545A1B11DF23A6F0081F2B5 /* ItemPhoto.swift in Sources */ = {isa = PBXBuildFile; fileRef = 0545A1B01DF23A6F0081F2B5 /* ItemPhoto.swift */; };
		057220991DF2838000BBC3FD /* default_item@2x.png in Resources */ = {isa = PBXBuildFile; fileRef = 057220981DF2838000BBC3FD /* default_item@2x.png */; };
		0572209B1DF2857300BBC3FD /* title_icon@2x.png in Resources */ = {isa = PBXBuildFile; fileRef = 0572209A1DF2857300BBC3FD /* title_icon@2x.png */; };
		0572209D1DF285EE00BBC3FD /* price_icon@2x.png in Resources */ = {isa = PBXBuildFile; fileRef = 0572209C1DF285EE00BBC3FD /* price_icon@2x.png */; };
		057754E21DEAA56E00C1A1EB /* ItemModel.swift in Sources */ = {isa = PBXBuildFile; fileRef = 057754E11DEAA56E00C1A1EB /* ItemModel.swift */; };
		057B82771DDFF39F009B059E /* ExpandImageView.swift in Sources */ = {isa = PBXBuildFile; fileRef = 057B82761DDFF39F009B059E /* ExpandImageView.swift */; };
		057B82791DDFF9B6009B059E /* background_second@2x.jpg in Resources */ = {isa = PBXBuildFile; fileRef = 057B82781DDFF9B6009B059E /* background_second@2x.jpg */; };
		057B827B1DDFFD44009B059E /* email_icon@2x.png in Resources */ = {isa = PBXBuildFile; fileRef = 057B827A1DDFFD44009B059E /* email_icon@2x.png */; };
		057B827D1DDFFDF3009B059E /* password_icon@2x.png in Resources */ = {isa = PBXBuildFile; fileRef = 057B827C1DDFFDF3009B059E /* password_icon@2x.png */; };
		057B82891DE00B89009B059E /* SF-UI-Display-Medium.otf in Resources */ = {isa = PBXBuildFile; fileRef = 057B82801DE00B89009B059E /* SF-UI-Display-Medium.otf */; };
		057B828A1DE00B89009B059E /* SF-UI-Display-Regular.otf in Resources */ = {isa = PBXBuildFile; fileRef = 057B82811DE00B89009B059E /* SF-UI-Display-Regular.otf */; };
		057B828B1DE00B89009B059E /* SF-UI-Display-Semibold.otf in Resources */ = {isa = PBXBuildFile; fileRef = 057B82821DE00B89009B059E /* SF-UI-Display-Semibold.otf */; };
		057B828C1DE00B89009B059E /* SF-UI-Display-Thin.otf in Resources */ = {isa = PBXBuildFile; fileRef = 057B82831DE00B89009B059E /* SF-UI-Display-Thin.otf */; };
		057B828D1DE00B89009B059E /* SF-UI-Display-Ultralight.otf in Resources */ = {isa = PBXBuildFile; fileRef = 057B82841DE00B89009B059E /* SF-UI-Display-Ultralight.otf */; };
		057B828E1DE00B89009B059E /* SF-UI-Display-Black.otf in Resources */ = {isa = PBXBuildFile; fileRef = 057B82851DE00B89009B059E /* SF-UI-Display-Black.otf */; };
		057B828F1DE00B89009B059E /* SF-UI-Display-Bold.otf in Resources */ = {isa = PBXBuildFile; fileRef = 057B82861DE00B89009B059E /* SF-UI-Display-Bold.otf */; };
		057B82901DE00B89009B059E /* SF-UI-Display-Heavy.otf in Resources */ = {isa = PBXBuildFile; fileRef = 057B82871DE00B89009B059E /* SF-UI-Display-Heavy.otf */; };
		057B82911DE00B89009B059E /* SF-UI-Display-Light.otf in Resources */ = {isa = PBXBuildFile; fileRef = 057B82881DE00B89009B059E /* SF-UI-Display-Light.otf */; };
		057B82A21DE00BA7009B059E /* SF-UI-Text-Ultrathin.otf in Resources */ = {isa = PBXBuildFile; fileRef = 057B82941DE00BA7009B059E /* SF-UI-Text-Ultrathin.otf */; };
		057B82A31DE00BA7009B059E /* SF-UI-Text-UltrathinItalic.otf in Resources */ = {isa = PBXBuildFile; fileRef = 057B82951DE00BA7009B059E /* SF-UI-Text-UltrathinItalic.otf */; };
		057B82A41DE00BA7009B059E /* SF-UI-Text-Semibold.otf in Resources */ = {isa = PBXBuildFile; fileRef = 057B82961DE00BA7009B059E /* SF-UI-Text-Semibold.otf */; };
		057B82A51DE00BA7009B059E /* SF-UI-Text-SemiboldItalic.otf in Resources */ = {isa = PBXBuildFile; fileRef = 057B82971DE00BA7009B059E /* SF-UI-Text-SemiboldItalic.otf */; };
		057B82A61DE00BA7009B059E /* SF-UI-Text-MediumItalic.otf in Resources */ = {isa = PBXBuildFile; fileRef = 057B82981DE00BA7009B059E /* SF-UI-Text-MediumItalic.otf */; };
		057B82A71DE00BA7009B059E /* SF-UI-Text-Regular.otf in Resources */ = {isa = PBXBuildFile; fileRef = 057B82991DE00BA7009B059E /* SF-UI-Text-Regular.otf */; };
		057B82A81DE00BA7009B059E /* SF-UI-Text-RegularItalic.otf in Resources */ = {isa = PBXBuildFile; fileRef = 057B829A1DE00BA7009B059E /* SF-UI-Text-RegularItalic.otf */; };
		057B82A91DE00BA7009B059E /* SF-UI-Text-Heavy.otf in Resources */ = {isa = PBXBuildFile; fileRef = 057B829B1DE00BA7009B059E /* SF-UI-Text-Heavy.otf */; };
		057B82AA1DE00BA7009B059E /* SF-UI-Text-HeavyItalic.otf in Resources */ = {isa = PBXBuildFile; fileRef = 057B829C1DE00BA7009B059E /* SF-UI-Text-HeavyItalic.otf */; };
		057B82AB1DE00BA7009B059E /* SF-UI-Text-Light.otf in Resources */ = {isa = PBXBuildFile; fileRef = 057B829D1DE00BA7009B059E /* SF-UI-Text-Light.otf */; };
		057B82AC1DE00BA7009B059E /* SF-UI-Text-LightItalic.otf in Resources */ = {isa = PBXBuildFile; fileRef = 057B829E1DE00BA7009B059E /* SF-UI-Text-LightItalic.otf */; };
		057B82AD1DE00BA7009B059E /* SF-UI-Text-Medium.otf in Resources */ = {isa = PBXBuildFile; fileRef = 057B829F1DE00BA7009B059E /* SF-UI-Text-Medium.otf */; };
		057B82AE1DE00BA7009B059E /* SF-UI-Text-Bold.otf in Resources */ = {isa = PBXBuildFile; fileRef = 057B82A01DE00BA7009B059E /* SF-UI-Text-Bold.otf */; };
		057B82AF1DE00BA7009B059E /* SF-UI-Text-BoldItalic.otf in Resources */ = {isa = PBXBuildFile; fileRef = 057B82A11DE00BA7009B059E /* SF-UI-Text-BoldItalic.otf */; };
		057B82B11DE00F30009B059E /* asian_ghetto_men@2x.png in Resources */ = {isa = PBXBuildFile; fileRef = 057B82B01DE00F30009B059E /* asian_ghetto_men@2x.png */; };
		057B82B31DE01438009B059E /* BulletinAPI.swift in Sources */ = {isa = PBXBuildFile; fileRef = 057B82B21DE01438009B059E /* BulletinAPI.swift */; };
		057B82B51DE180CC009B059E /* ModalPopup.swift in Sources */ = {isa = PBXBuildFile; fileRef = 057B82B41DE180CC009B059E /* ModalPopup.swift */; };
		057B82B81DE181AC009B059E /* ModalPopupDelegate.swift in Sources */ = {isa = PBXBuildFile; fileRef = 057B82B71DE181AC009B059E /* ModalPopupDelegate.swift */; };
		057B82BA1DE18B60009B059E /* exclamation_icon@2x.jpg in Resources */ = {isa = PBXBuildFile; fileRef = 057B82B91DE18B60009B059E /* exclamation_icon@2x.jpg */; };
		057B82BF1DE19D7B009B059E /* RegisterViewController.swift in Sources */ = {isa = PBXBuildFile; fileRef = 057B82BE1DE19D7B009B059E /* RegisterViewController.swift */; };
		057B82C11DE1A449009B059E /* name_icon@2x.png in Resources */ = {isa = PBXBuildFile; fileRef = 057B82C01DE1A449009B059E /* name_icon@2x.png */; };
		05B9C12A1DE640930095D8BA /* ConversationViewController.swift in Sources */ = {isa = PBXBuildFile; fileRef = 05B9C1291DE640930095D8BA /* ConversationViewController.swift */; };
		05C8C70D1DE2CEA50063930F /* ConfirmViewController.swift in Sources */ = {isa = PBXBuildFile; fileRef = 05C8C70C1DE2CEA50063930F /* ConfirmViewController.swift */; };
		AA0941641DCD9C0C005F1F8D /* Item.swift in Sources */ = {isa = PBXBuildFile; fileRef = AA0941631DCD9C0C005F1F8D /* Item.swift */; };
		AA0941671DCDA4AF005F1F8D /* ItemStore.swift in Sources */ = {isa = PBXBuildFile; fileRef = AA0941661DCDA4AF005F1F8D /* ItemStore.swift */; };
		AA0941691DCDA9F0005F1F8D /* ItemCell.swift in Sources */ = {isa = PBXBuildFile; fileRef = AA0941681DCDA9F0005F1F8D /* ItemCell.swift */; };
		AA09416C1DCDB1DF005F1F8D /* DetailViewController.swift in Sources */ = {isa = PBXBuildFile; fileRef = AA09416B1DCDB1DF005F1F8D /* DetailViewController.swift */; };
		AA09416E1DCE63B7005F1F8D /* ItemImageView.swift in Sources */ = {isa = PBXBuildFile; fileRef = AA09416D1DCE63B7005F1F8D /* ItemImageView.swift */; };
		AA318E9C1DCC08EE0068F222 /* FlatTextField.swift in Sources */ = {isa = PBXBuildFile; fileRef = AA318E9B1DCC08EE0068F222 /* FlatTextField.swift */; };
		AA332A661DDD93CE0076C4A3 /* MessageStore.swift in Sources */ = {isa = PBXBuildFile; fileRef = AA332A651DDD93CE0076C4A3 /* MessageStore.swift */; };
		AA332A6A1DDE35F20076C4A3 /* FlickrAPI.swift in Sources */ = {isa = PBXBuildFile; fileRef = AA332A691DDE35F20076C4A3 /* FlickrAPI.swift */; };
		AA332A6C1DDE361B0076C4A3 /* Photo.swift in Sources */ = {isa = PBXBuildFile; fileRef = AA332A6B1DDE361B0076C4A3 /* Photo.swift */; };
		AA332A6E1DDEC57A0076C4A3 /* PhotoDataSource.swift in Sources */ = {isa = PBXBuildFile; fileRef = AA332A6D1DDEC57A0076C4A3 /* PhotoDataSource.swift */; };
		AA332A701DDEC5A60076C4A3 /* PhotoCollectionViewCell.swift in Sources */ = {isa = PBXBuildFile; fileRef = AA332A6F1DDEC5A60076C4A3 /* PhotoCollectionViewCell.swift */; };
		AA332A721DDEC73C0076C4A3 /* PhotoStore.swift in Sources */ = {isa = PBXBuildFile; fileRef = AA332A711DDEC73C0076C4A3 /* PhotoStore.swift */; };
		AA332A741DDECAAE0076C4A3 /* PhotoInfoViewController.swift in Sources */ = {isa = PBXBuildFile; fileRef = AA332A731DDECAAE0076C4A3 /* PhotoInfoViewController.swift */; };
		AAA851F81DD299AA00E36FF1 /* sjsu@2x.png in Resources */ = {isa = PBXBuildFile; fileRef = AAA851F71DD299AA00E36FF1 /* sjsu@2x.png */; };
		AAA851FB1DD29A3700E36FF1 /* noImage@2x.png in Resources */ = {isa = PBXBuildFile; fileRef = AAA851F91DD29A3700E36FF1 /* noImage@2x.png */; };
		AAA8520A1DD29A4600E36FF1 /* User Location Filled-50@2x.png in Resources */ = {isa = PBXBuildFile; fileRef = AAA851FD1DD29A4600E36FF1 /* User Location Filled-50@2x.png */; };
		AAA8520B1DD29A4600E36FF1 /* User Location-50@2x.png in Resources */ = {isa = PBXBuildFile; fileRef = AAA851FE1DD29A4600E36FF1 /* User Location-50@2x.png */; };
		AAA8520C1DD29A4600E36FF1 /* Search-50@2x.png in Resources */ = {isa = PBXBuildFile; fileRef = AAA851FF1DD29A4600E36FF1 /* Search-50@2x.png */; };
		AAA8520D1DD29A4600E36FF1 /* Settings Filled-50@2x.png in Resources */ = {isa = PBXBuildFile; fileRef = AAA852001DD29A4600E36FF1 /* Settings Filled-50@2x.png */; };
		AAA8520E1DD29A4600E36FF1 /* Settings-50@2x.png in Resources */ = {isa = PBXBuildFile; fileRef = AAA852011DD29A4600E36FF1 /* Settings-50@2x.png */; };
		AAA8520F1DD29A4600E36FF1 /* Speech Bubble Filled-50@2x.png in Resources */ = {isa = PBXBuildFile; fileRef = AAA852021DD29A4600E36FF1 /* Speech Bubble Filled-50@2x.png */; };
		AAA852101DD29A4600E36FF1 /* Speech Bubble-50@2x.png in Resources */ = {isa = PBXBuildFile; fileRef = AAA852031DD29A4600E36FF1 /* Speech Bubble-50@2x.png */; };
		AAA852111DD29A4600E36FF1 /* Talk Male Filled-50.png in Resources */ = {isa = PBXBuildFile; fileRef = AAA852041DD29A4600E36FF1 /* Talk Male Filled-50.png */; };
		AAA852121DD29A4600E36FF1 /* Talk Male-50@2x.png in Resources */ = {isa = PBXBuildFile; fileRef = AAA852051DD29A4600E36FF1 /* Talk Male-50@2x.png */; };
		AAA852131DD29A4600E36FF1 /* Home Filled-50@2x.png in Resources */ = {isa = PBXBuildFile; fileRef = AAA852061DD29A4600E36FF1 /* Home Filled-50@2x.png */; };
		AAA852141DD29A4600E36FF1 /* Message Filled-50@2x.png in Resources */ = {isa = PBXBuildFile; fileRef = AAA852071DD29A4600E36FF1 /* Message Filled-50@2x.png */; };
		AAA852151DD29A4600E36FF1 /* Message-50@2x.png in Resources */ = {isa = PBXBuildFile; fileRef = AAA852081DD29A4600E36FF1 /* Message-50@2x.png */; };
		AAA852161DD29A4600E36FF1 /* Home-50@2x.png in Resources */ = {isa = PBXBuildFile; fileRef = AAA852091DD29A4600E36FF1 /* Home-50@2x.png */; };
		AACC49D61DCF2DEE009D66B5 /* ImageStore.swift in Sources */ = {isa = PBXBuildFile; fileRef = AACC49D51DCF2DEE009D66B5 /* ImageStore.swift */; };
		AACF32D11DCC5AC500139293 /* CircleImageView.swift in Sources */ = {isa = PBXBuildFile; fileRef = AACF32D01DCC5AC500139293 /* CircleImageView.swift */; };
		AAD42CBD1DD29E4F001DC51E /* Meeting-50@2x.png in Resources */ = {isa = PBXBuildFile; fileRef = AAD42CBC1DD29E4F001DC51E /* Meeting-50@2x.png */; };
		AAD42CC11DD2A52F001DC51E /* profile@2x.png in Resources */ = {isa = PBXBuildFile; fileRef = AAD42CC01DD2A52F001DC51E /* profile@2x.png */; };
		AAD42CC41DD2B74E001DC51E /* DetailMessageViewController.swift in Sources */ = {isa = PBXBuildFile; fileRef = AAD42CC31DD2B74E001DC51E /* DetailMessageViewController.swift */; };
		AAD42CC71DD2BD6C001DC51E /* MessageCell.swift in Sources */ = {isa = PBXBuildFile; fileRef = AAD42CC61DD2BD6C001DC51E /* MessageCell.swift */; };
		AAD42CC91DD2BD89001DC51E /* Message.swift in Sources */ = {isa = PBXBuildFile; fileRef = AAD42CC81DD2BD89001DC51E /* Message.swift */; };
/* End PBXBuildFile section */

/* Begin PBXContainerItemProxy section */
		0500FFCD1DBDCF0C00E83F4A /* PBXContainerItemProxy */ = {
			isa = PBXContainerItemProxy;
			containerPortal = 0500FFAD1DBDCF0C00E83F4A /* Project object */;
			proxyType = 1;
			remoteGlobalIDString = 0500FFB41DBDCF0C00E83F4A;
			remoteInfo = Bulletin;
		};
		0500FFD81DBDCF0C00E83F4A /* PBXContainerItemProxy */ = {
			isa = PBXContainerItemProxy;
			containerPortal = 0500FFAD1DBDCF0C00E83F4A /* Project object */;
			proxyType = 1;
			remoteGlobalIDString = 0500FFB41DBDCF0C00E83F4A;
			remoteInfo = Bulletin;
		};
/* End PBXContainerItemProxy section */

/* Begin PBXFileReference section */
		050000071DBE263300E83F4A /* MainTabBarController.swift */ = {isa = PBXFileReference; fileEncoding = 4; lastKnownFileType = sourcecode.swift; path = MainTabBarController.swift; sourceTree = "<group>"; };
		0500FFB51DBDCF0C00E83F4A /* Bulletin.app */ = {isa = PBXFileReference; explicitFileType = wrapper.application; includeInIndex = 0; path = Bulletin.app; sourceTree = BUILT_PRODUCTS_DIR; };
		0500FFB81DBDCF0C00E83F4A /* AppDelegate.swift */ = {isa = PBXFileReference; lastKnownFileType = sourcecode.swift; path = AppDelegate.swift; sourceTree = "<group>"; };
		0500FFBA1DBDCF0C00E83F4A /* ViewController.swift */ = {isa = PBXFileReference; lastKnownFileType = sourcecode.swift; path = ViewController.swift; sourceTree = "<group>"; };
		0500FFBD1DBDCF0C00E83F4A /* Base */ = {isa = PBXFileReference; lastKnownFileType = file.storyboard; name = Base; path = Base.lproj/Main.storyboard; sourceTree = "<group>"; };
		0500FFC01DBDCF0C00E83F4A /* Bulletin.xcdatamodel */ = {isa = PBXFileReference; lastKnownFileType = wrapper.xcdatamodel; path = Bulletin.xcdatamodel; sourceTree = "<group>"; };
		0500FFC21DBDCF0C00E83F4A /* Assets.xcassets */ = {isa = PBXFileReference; lastKnownFileType = folder.assetcatalog; path = Assets.xcassets; sourceTree = "<group>"; };
		0500FFC51DBDCF0C00E83F4A /* Base */ = {isa = PBXFileReference; lastKnownFileType = file.storyboard; name = Base; path = Base.lproj/LaunchScreen.storyboard; sourceTree = "<group>"; };
		0500FFC71DBDCF0C00E83F4A /* Info.plist */ = {isa = PBXFileReference; lastKnownFileType = text.plist.xml; path = Info.plist; sourceTree = "<group>"; };
		0500FFCC1DBDCF0C00E83F4A /* BulletinTests.xctest */ = {isa = PBXFileReference; explicitFileType = wrapper.cfbundle; includeInIndex = 0; path = BulletinTests.xctest; sourceTree = BUILT_PRODUCTS_DIR; };
		0500FFD01DBDCF0C00E83F4A /* BulletinTests.swift */ = {isa = PBXFileReference; lastKnownFileType = sourcecode.swift; path = BulletinTests.swift; sourceTree = "<group>"; };
		0500FFD21DBDCF0C00E83F4A /* Info.plist */ = {isa = PBXFileReference; lastKnownFileType = text.plist.xml; path = Info.plist; sourceTree = "<group>"; };
		0500FFD71DBDCF0C00E83F4A /* BulletinUITests.xctest */ = {isa = PBXFileReference; explicitFileType = wrapper.cfbundle; includeInIndex = 0; path = BulletinUITests.xctest; sourceTree = BUILT_PRODUCTS_DIR; };
		0500FFDB1DBDCF0C00E83F4A /* BulletinUITests.swift */ = {isa = PBXFileReference; lastKnownFileType = sourcecode.swift; path = BulletinUITests.swift; sourceTree = "<group>"; };
		0500FFDD1DBDCF0C00E83F4A /* Info.plist */ = {isa = PBXFileReference; lastKnownFileType = text.plist.xml; path = Info.plist; sourceTree = "<group>"; };
		0500FFE91DBDD06A00E83F4A /* FlatButton.swift */ = {isa = PBXFileReference; fileEncoding = 4; lastKnownFileType = sourcecode.swift; path = FlatButton.swift; sourceTree = "<group>"; };
		0500FFEB1DBDE71800E83F4A /* bulletin_board_icon@2x.jpg */ = {isa = PBXFileReference; lastKnownFileType = image.jpeg; name = "bulletin_board_icon@2x.jpg"; path = "../bulletin_board_icon@2x.jpg"; sourceTree = "<group>"; };
		0500FFED1DBDE89A00E83F4A /* background@2x.jpg */ = {isa = PBXFileReference; lastKnownFileType = image.jpeg; name = "background@2x.jpg"; path = "../background@2x.jpg"; sourceTree = "<group>"; };
		0500FFEF1DBDE98400E83F4A /* Singleton.swift */ = {isa = PBXFileReference; fileEncoding = 4; lastKnownFileType = sourcecode.swift; path = Singleton.swift; sourceTree = "<group>"; };
		0500FFF51DBDF17700E83F4A /* GrayBarView.swift */ = {isa = PBXFileReference; fileEncoding = 4; lastKnownFileType = sourcecode.swift; path = GrayBarView.swift; sourceTree = "<group>"; };
		0500FFFC1DBDF58F00E83F4A /* CircleLabelView.swift */ = {isa = PBXFileReference; fileEncoding = 4; lastKnownFileType = sourcecode.swift; path = CircleLabelView.swift; sourceTree = "<group>"; };
		0500FFFE1DBE004B00E83F4A /* OrangeBarView.swift */ = {isa = PBXFileReference; fileEncoding = 4; lastKnownFileType = sourcecode.swift; path = OrangeBarView.swift; sourceTree = "<group>"; };
		050967951DF4E813001896C9 /* RetrieveProfileViewController.swift */ = {isa = PBXFileReference; fileEncoding = 4; lastKnownFileType = sourcecode.swift; path = RetrieveProfileViewController.swift; sourceTree = "<group>"; };
		050967971DF4F8B3001896C9 /* messaging_icon@2x.png */ = {isa = PBXFileReference; lastKnownFileType = image.png; name = "messaging_icon@2x.png"; path = "../messaging_icon@2x.png"; sourceTree = "<group>"; };
		052427E81DF3D472000D363D /* BulletinItem.swift */ = {isa = PBXFileReference; fileEncoding = 4; lastKnownFileType = sourcecode.swift; path = BulletinItem.swift; sourceTree = "<group>"; };
		0526B7E61DBEBA72005A136C /* HomeViewController.swift */ = {isa = PBXFileReference; fileEncoding = 4; lastKnownFileType = sourcecode.swift; path = HomeViewController.swift; sourceTree = "<group>"; };
		0526B7E81DBEBAA0005A136C /* MessageViewController.swift */ = {isa = PBXFileReference; fileEncoding = 4; lastKnownFileType = sourcecode.swift; path = MessageViewController.swift; sourceTree = "<group>"; };
		0526B7EA1DBEBAD4005A136C /* SettingsViewController.swift */ = {isa = PBXFileReference; fileEncoding = 4; lastKnownFileType = sourcecode.swift; path = SettingsViewController.swift; sourceTree = "<group>"; };
		0526B7EC1DBEBB19005A136C /* PostViewController.swift */ = {isa = PBXFileReference; fileEncoding = 4; lastKnownFileType = sourcecode.swift; path = PostViewController.swift; sourceTree = "<group>"; };
		0526B7EE1DBEBB67005A136C /* ActivityViewController.swift */ = {isa = PBXFileReference; fileEncoding = 4; lastKnownFileType = sourcecode.swift; path = ActivityViewController.swift; sourceTree = "<group>"; };
		0545A1AC1DF22BE20081F2B5 /* ItemViewController.swift */ = {isa = PBXFileReference; fileEncoding = 4; lastKnownFileType = sourcecode.swift; path = ItemViewController.swift; sourceTree = "<group>"; };
		0545A1AE1DF22BF50081F2B5 /* UserViewController.swift */ = {isa = PBXFileReference; fileEncoding = 4; lastKnownFileType = sourcecode.swift; path = UserViewController.swift; sourceTree = "<group>"; };
		0545A1B01DF23A6F0081F2B5 /* ItemPhoto.swift */ = {isa = PBXFileReference; fileEncoding = 4; lastKnownFileType = sourcecode.swift; path = ItemPhoto.swift; sourceTree = "<group>"; };
		057220981DF2838000BBC3FD /* default_item@2x.png */ = {isa = PBXFileReference; lastKnownFileType = image.png; name = "default_item@2x.png"; path = "../default_item@2x.png"; sourceTree = "<group>"; };
		0572209A1DF2857300BBC3FD /* title_icon@2x.png */ = {isa = PBXFileReference; lastKnownFileType = image.png; name = "title_icon@2x.png"; path = "../title_icon@2x.png"; sourceTree = "<group>"; };
		0572209C1DF285EE00BBC3FD /* price_icon@2x.png */ = {isa = PBXFileReference; lastKnownFileType = image.png; name = "price_icon@2x.png"; path = "../price_icon@2x.png"; sourceTree = "<group>"; };
		057754E11DEAA56E00C1A1EB /* ItemModel.swift */ = {isa = PBXFileReference; fileEncoding = 4; lastKnownFileType = sourcecode.swift; path = ItemModel.swift; sourceTree = "<group>"; };
		057B82761DDFF39F009B059E /* ExpandImageView.swift */ = {isa = PBXFileReference; fileEncoding = 4; lastKnownFileType = sourcecode.swift; path = ExpandImageView.swift; sourceTree = "<group>"; };
		057B82781DDFF9B6009B059E /* background_second@2x.jpg */ = {isa = PBXFileReference; lastKnownFileType = image.jpeg; name = "background_second@2x.jpg"; path = "../background_second@2x.jpg"; sourceTree = "<group>"; };
		057B827A1DDFFD44009B059E /* email_icon@2x.png */ = {isa = PBXFileReference; lastKnownFileType = image.png; name = "email_icon@2x.png"; path = "../email_icon@2x.png"; sourceTree = "<group>"; };
		057B827C1DDFFDF3009B059E /* password_icon@2x.png */ = {isa = PBXFileReference; lastKnownFileType = image.png; name = "password_icon@2x.png"; path = "../password_icon@2x.png"; sourceTree = "<group>"; };
		057B82801DE00B89009B059E /* SF-UI-Display-Medium.otf */ = {isa = PBXFileReference; lastKnownFileType = file; name = "SF-UI-Display-Medium.otf"; path = "../SF-UI-Display-Medium.otf"; sourceTree = "<group>"; };
		057B82811DE00B89009B059E /* SF-UI-Display-Regular.otf */ = {isa = PBXFileReference; lastKnownFileType = file; name = "SF-UI-Display-Regular.otf"; path = "../SF-UI-Display-Regular.otf"; sourceTree = "<group>"; };
		057B82821DE00B89009B059E /* SF-UI-Display-Semibold.otf */ = {isa = PBXFileReference; lastKnownFileType = file; name = "SF-UI-Display-Semibold.otf"; path = "../SF-UI-Display-Semibold.otf"; sourceTree = "<group>"; };
		057B82831DE00B89009B059E /* SF-UI-Display-Thin.otf */ = {isa = PBXFileReference; lastKnownFileType = file; name = "SF-UI-Display-Thin.otf"; path = "../SF-UI-Display-Thin.otf"; sourceTree = "<group>"; };
		057B82841DE00B89009B059E /* SF-UI-Display-Ultralight.otf */ = {isa = PBXFileReference; lastKnownFileType = file; name = "SF-UI-Display-Ultralight.otf"; path = "../SF-UI-Display-Ultralight.otf"; sourceTree = "<group>"; };
		057B82851DE00B89009B059E /* SF-UI-Display-Black.otf */ = {isa = PBXFileReference; lastKnownFileType = file; name = "SF-UI-Display-Black.otf"; path = "../SF-UI-Display-Black.otf"; sourceTree = "<group>"; };
		057B82861DE00B89009B059E /* SF-UI-Display-Bold.otf */ = {isa = PBXFileReference; lastKnownFileType = file; name = "SF-UI-Display-Bold.otf"; path = "../SF-UI-Display-Bold.otf"; sourceTree = "<group>"; };
		057B82871DE00B89009B059E /* SF-UI-Display-Heavy.otf */ = {isa = PBXFileReference; lastKnownFileType = file; name = "SF-UI-Display-Heavy.otf"; path = "../SF-UI-Display-Heavy.otf"; sourceTree = "<group>"; };
		057B82881DE00B89009B059E /* SF-UI-Display-Light.otf */ = {isa = PBXFileReference; lastKnownFileType = file; name = "SF-UI-Display-Light.otf"; path = "../SF-UI-Display-Light.otf"; sourceTree = "<group>"; };
		057B82941DE00BA7009B059E /* SF-UI-Text-Ultrathin.otf */ = {isa = PBXFileReference; lastKnownFileType = file; name = "SF-UI-Text-Ultrathin.otf"; path = "../SF-UI-Text-Ultrathin.otf"; sourceTree = "<group>"; };
		057B82951DE00BA7009B059E /* SF-UI-Text-UltrathinItalic.otf */ = {isa = PBXFileReference; lastKnownFileType = file; name = "SF-UI-Text-UltrathinItalic.otf"; path = "../SF-UI-Text-UltrathinItalic.otf"; sourceTree = "<group>"; };
		057B82961DE00BA7009B059E /* SF-UI-Text-Semibold.otf */ = {isa = PBXFileReference; lastKnownFileType = file; name = "SF-UI-Text-Semibold.otf"; path = "../SF-UI-Text-Semibold.otf"; sourceTree = "<group>"; };
		057B82971DE00BA7009B059E /* SF-UI-Text-SemiboldItalic.otf */ = {isa = PBXFileReference; lastKnownFileType = file; name = "SF-UI-Text-SemiboldItalic.otf"; path = "../SF-UI-Text-SemiboldItalic.otf"; sourceTree = "<group>"; };
		057B82981DE00BA7009B059E /* SF-UI-Text-MediumItalic.otf */ = {isa = PBXFileReference; lastKnownFileType = file; name = "SF-UI-Text-MediumItalic.otf"; path = "../SF-UI-Text-MediumItalic.otf"; sourceTree = "<group>"; };
		057B82991DE00BA7009B059E /* SF-UI-Text-Regular.otf */ = {isa = PBXFileReference; lastKnownFileType = file; name = "SF-UI-Text-Regular.otf"; path = "../SF-UI-Text-Regular.otf"; sourceTree = "<group>"; };
		057B829A1DE00BA7009B059E /* SF-UI-Text-RegularItalic.otf */ = {isa = PBXFileReference; lastKnownFileType = file; name = "SF-UI-Text-RegularItalic.otf"; path = "../SF-UI-Text-RegularItalic.otf"; sourceTree = "<group>"; };
		057B829B1DE00BA7009B059E /* SF-UI-Text-Heavy.otf */ = {isa = PBXFileReference; lastKnownFileType = file; name = "SF-UI-Text-Heavy.otf"; path = "../SF-UI-Text-Heavy.otf"; sourceTree = "<group>"; };
		057B829C1DE00BA7009B059E /* SF-UI-Text-HeavyItalic.otf */ = {isa = PBXFileReference; lastKnownFileType = file; name = "SF-UI-Text-HeavyItalic.otf"; path = "../SF-UI-Text-HeavyItalic.otf"; sourceTree = "<group>"; };
		057B829D1DE00BA7009B059E /* SF-UI-Text-Light.otf */ = {isa = PBXFileReference; lastKnownFileType = file; name = "SF-UI-Text-Light.otf"; path = "../SF-UI-Text-Light.otf"; sourceTree = "<group>"; };
		057B829E1DE00BA7009B059E /* SF-UI-Text-LightItalic.otf */ = {isa = PBXFileReference; lastKnownFileType = file; name = "SF-UI-Text-LightItalic.otf"; path = "../SF-UI-Text-LightItalic.otf"; sourceTree = "<group>"; };
		057B829F1DE00BA7009B059E /* SF-UI-Text-Medium.otf */ = {isa = PBXFileReference; lastKnownFileType = file; name = "SF-UI-Text-Medium.otf"; path = "../SF-UI-Text-Medium.otf"; sourceTree = "<group>"; };
		057B82A01DE00BA7009B059E /* SF-UI-Text-Bold.otf */ = {isa = PBXFileReference; lastKnownFileType = file; name = "SF-UI-Text-Bold.otf"; path = "../SF-UI-Text-Bold.otf"; sourceTree = "<group>"; };
		057B82A11DE00BA7009B059E /* SF-UI-Text-BoldItalic.otf */ = {isa = PBXFileReference; lastKnownFileType = file; name = "SF-UI-Text-BoldItalic.otf"; path = "../SF-UI-Text-BoldItalic.otf"; sourceTree = "<group>"; };
		057B82B01DE00F30009B059E /* asian_ghetto_men@2x.png */ = {isa = PBXFileReference; lastKnownFileType = image.png; name = "asian_ghetto_men@2x.png"; path = "../asian_ghetto_men@2x.png"; sourceTree = "<group>"; };
		057B82B21DE01438009B059E /* BulletinAPI.swift */ = {isa = PBXFileReference; fileEncoding = 4; lastKnownFileType = sourcecode.swift; path = BulletinAPI.swift; sourceTree = "<group>"; };
		057B82B41DE180CC009B059E /* ModalPopup.swift */ = {isa = PBXFileReference; fileEncoding = 4; lastKnownFileType = sourcecode.swift; path = ModalPopup.swift; sourceTree = "<group>"; };
		057B82B71DE181AC009B059E /* ModalPopupDelegate.swift */ = {isa = PBXFileReference; fileEncoding = 4; lastKnownFileType = sourcecode.swift; path = ModalPopupDelegate.swift; sourceTree = "<group>"; };
		057B82B91DE18B60009B059E /* exclamation_icon@2x.jpg */ = {isa = PBXFileReference; lastKnownFileType = image.jpeg; name = "exclamation_icon@2x.jpg"; path = "../exclamation_icon@2x.jpg"; sourceTree = "<group>"; };
		057B82BE1DE19D7B009B059E /* RegisterViewController.swift */ = {isa = PBXFileReference; fileEncoding = 4; lastKnownFileType = sourcecode.swift; path = RegisterViewController.swift; sourceTree = "<group>"; };
		057B82C01DE1A449009B059E /* name_icon@2x.png */ = {isa = PBXFileReference; lastKnownFileType = image.png; name = "name_icon@2x.png"; path = "../name_icon@2x.png"; sourceTree = "<group>"; };
		05B9C1291DE640930095D8BA /* ConversationViewController.swift */ = {isa = PBXFileReference; fileEncoding = 4; lastKnownFileType = sourcecode.swift; path = ConversationViewController.swift; sourceTree = "<group>"; };
		05C8C70C1DE2CEA50063930F /* ConfirmViewController.swift */ = {isa = PBXFileReference; fileEncoding = 4; lastKnownFileType = sourcecode.swift; path = ConfirmViewController.swift; sourceTree = "<group>"; };
		AA0941631DCD9C0C005F1F8D /* Item.swift */ = {isa = PBXFileReference; fileEncoding = 4; lastKnownFileType = sourcecode.swift; path = Item.swift; sourceTree = "<group>"; };
		AA0941661DCDA4AF005F1F8D /* ItemStore.swift */ = {isa = PBXFileReference; fileEncoding = 4; lastKnownFileType = sourcecode.swift; path = ItemStore.swift; sourceTree = "<group>"; };
		AA0941681DCDA9F0005F1F8D /* ItemCell.swift */ = {isa = PBXFileReference; fileEncoding = 4; lastKnownFileType = sourcecode.swift; path = ItemCell.swift; sourceTree = "<group>"; };
		AA09416B1DCDB1DF005F1F8D /* DetailViewController.swift */ = {isa = PBXFileReference; fileEncoding = 4; lastKnownFileType = sourcecode.swift; path = DetailViewController.swift; sourceTree = "<group>"; };
		AA09416D1DCE63B7005F1F8D /* ItemImageView.swift */ = {isa = PBXFileReference; fileEncoding = 4; lastKnownFileType = sourcecode.swift; path = ItemImageView.swift; sourceTree = "<group>"; };
		AA318E9B1DCC08EE0068F222 /* FlatTextField.swift */ = {isa = PBXFileReference; fileEncoding = 4; lastKnownFileType = sourcecode.swift; path = FlatTextField.swift; sourceTree = "<group>"; };
		AA332A651DDD93CE0076C4A3 /* MessageStore.swift */ = {isa = PBXFileReference; fileEncoding = 4; lastKnownFileType = sourcecode.swift; path = MessageStore.swift; sourceTree = "<group>"; };
		AA332A691DDE35F20076C4A3 /* FlickrAPI.swift */ = {isa = PBXFileReference; fileEncoding = 4; lastKnownFileType = sourcecode.swift; path = FlickrAPI.swift; sourceTree = "<group>"; };
		AA332A6B1DDE361B0076C4A3 /* Photo.swift */ = {isa = PBXFileReference; fileEncoding = 4; lastKnownFileType = sourcecode.swift; path = Photo.swift; sourceTree = "<group>"; };
		AA332A6D1DDEC57A0076C4A3 /* PhotoDataSource.swift */ = {isa = PBXFileReference; fileEncoding = 4; lastKnownFileType = sourcecode.swift; path = PhotoDataSource.swift; sourceTree = "<group>"; };
		AA332A6F1DDEC5A60076C4A3 /* PhotoCollectionViewCell.swift */ = {isa = PBXFileReference; fileEncoding = 4; lastKnownFileType = sourcecode.swift; path = PhotoCollectionViewCell.swift; sourceTree = "<group>"; };
		AA332A711DDEC73C0076C4A3 /* PhotoStore.swift */ = {isa = PBXFileReference; fileEncoding = 4; lastKnownFileType = sourcecode.swift; path = PhotoStore.swift; sourceTree = "<group>"; };
		AA332A731DDECAAE0076C4A3 /* PhotoInfoViewController.swift */ = {isa = PBXFileReference; fileEncoding = 4; lastKnownFileType = sourcecode.swift; path = PhotoInfoViewController.swift; sourceTree = "<group>"; };
		AAA851F71DD299AA00E36FF1 /* sjsu@2x.png */ = {isa = PBXFileReference; lastKnownFileType = image.png; path = "sjsu@2x.png"; sourceTree = "<group>"; };
		AAA851F91DD29A3700E36FF1 /* noImage@2x.png */ = {isa = PBXFileReference; lastKnownFileType = image.png; path = "noImage@2x.png"; sourceTree = "<group>"; };
		AAA851FD1DD29A4600E36FF1 /* User Location Filled-50@2x.png */ = {isa = PBXFileReference; lastKnownFileType = image.png; path = "User Location Filled-50@2x.png"; sourceTree = "<group>"; };
		AAA851FE1DD29A4600E36FF1 /* User Location-50@2x.png */ = {isa = PBXFileReference; lastKnownFileType = image.png; path = "User Location-50@2x.png"; sourceTree = "<group>"; };
		AAA851FF1DD29A4600E36FF1 /* Search-50@2x.png */ = {isa = PBXFileReference; lastKnownFileType = image.png; path = "Search-50@2x.png"; sourceTree = "<group>"; };
		AAA852001DD29A4600E36FF1 /* Settings Filled-50@2x.png */ = {isa = PBXFileReference; lastKnownFileType = image.png; path = "Settings Filled-50@2x.png"; sourceTree = "<group>"; };
		AAA852011DD29A4600E36FF1 /* Settings-50@2x.png */ = {isa = PBXFileReference; lastKnownFileType = image.png; path = "Settings-50@2x.png"; sourceTree = "<group>"; };
		AAA852021DD29A4600E36FF1 /* Speech Bubble Filled-50@2x.png */ = {isa = PBXFileReference; lastKnownFileType = image.png; path = "Speech Bubble Filled-50@2x.png"; sourceTree = "<group>"; };
		AAA852031DD29A4600E36FF1 /* Speech Bubble-50@2x.png */ = {isa = PBXFileReference; lastKnownFileType = image.png; path = "Speech Bubble-50@2x.png"; sourceTree = "<group>"; };
		AAA852041DD29A4600E36FF1 /* Talk Male Filled-50.png */ = {isa = PBXFileReference; lastKnownFileType = image.png; path = "Talk Male Filled-50.png"; sourceTree = "<group>"; };
		AAA852051DD29A4600E36FF1 /* Talk Male-50@2x.png */ = {isa = PBXFileReference; lastKnownFileType = image.png; path = "Talk Male-50@2x.png"; sourceTree = "<group>"; };
		AAA852061DD29A4600E36FF1 /* Home Filled-50@2x.png */ = {isa = PBXFileReference; lastKnownFileType = image.png; path = "Home Filled-50@2x.png"; sourceTree = "<group>"; };
		AAA852071DD29A4600E36FF1 /* Message Filled-50@2x.png */ = {isa = PBXFileReference; lastKnownFileType = image.png; path = "Message Filled-50@2x.png"; sourceTree = "<group>"; };
		AAA852081DD29A4600E36FF1 /* Message-50@2x.png */ = {isa = PBXFileReference; lastKnownFileType = image.png; path = "Message-50@2x.png"; sourceTree = "<group>"; };
		AAA852091DD29A4600E36FF1 /* Home-50@2x.png */ = {isa = PBXFileReference; lastKnownFileType = image.png; path = "Home-50@2x.png"; sourceTree = "<group>"; };
		AACC49D51DCF2DEE009D66B5 /* ImageStore.swift */ = {isa = PBXFileReference; fileEncoding = 4; lastKnownFileType = sourcecode.swift; path = ImageStore.swift; sourceTree = "<group>"; };
		AACF32D01DCC5AC500139293 /* CircleImageView.swift */ = {isa = PBXFileReference; fileEncoding = 4; lastKnownFileType = sourcecode.swift; path = CircleImageView.swift; sourceTree = "<group>"; };
		AAD42CBC1DD29E4F001DC51E /* Meeting-50@2x.png */ = {isa = PBXFileReference; lastKnownFileType = image.png; path = "Meeting-50@2x.png"; sourceTree = "<group>"; };
		AAD42CC01DD2A52F001DC51E /* profile@2x.png */ = {isa = PBXFileReference; lastKnownFileType = image.png; path = "profile@2x.png"; sourceTree = "<group>"; };
		AAD42CC31DD2B74E001DC51E /* DetailMessageViewController.swift */ = {isa = PBXFileReference; fileEncoding = 4; lastKnownFileType = sourcecode.swift; path = DetailMessageViewController.swift; sourceTree = "<group>"; };
		AAD42CC61DD2BD6C001DC51E /* MessageCell.swift */ = {isa = PBXFileReference; fileEncoding = 4; lastKnownFileType = sourcecode.swift; path = MessageCell.swift; sourceTree = "<group>"; };
		AAD42CC81DD2BD89001DC51E /* Message.swift */ = {isa = PBXFileReference; fileEncoding = 4; lastKnownFileType = sourcecode.swift; path = Message.swift; sourceTree = "<group>"; };
/* End PBXFileReference section */

/* Begin PBXFrameworksBuildPhase section */
		0500FFB21DBDCF0C00E83F4A /* Frameworks */ = {
			isa = PBXFrameworksBuildPhase;
			buildActionMask = 2147483647;
			files = (
			);
			runOnlyForDeploymentPostprocessing = 0;
		};
		0500FFC91DBDCF0C00E83F4A /* Frameworks */ = {
			isa = PBXFrameworksBuildPhase;
			buildActionMask = 2147483647;
			files = (
			);
			runOnlyForDeploymentPostprocessing = 0;
		};
		0500FFD41DBDCF0C00E83F4A /* Frameworks */ = {
			isa = PBXFrameworksBuildPhase;
			buildActionMask = 2147483647;
			files = (
			);
			runOnlyForDeploymentPostprocessing = 0;
		};
/* End PBXFrameworksBuildPhase section */

/* Begin PBXGroup section */
		050000061DBE246900E83F4A /* Common */ = {
			isa = PBXGroup;
			children = (
				0500FFEF1DBDE98400E83F4A /* Singleton.swift */,
				057B82B21DE01438009B059E /* BulletinAPI.swift */,
			);
			name = Common;
			sourceTree = "<group>";
		};
		0500FFAC1DBDCF0C00E83F4A = {
			isa = PBXGroup;
			children = (
				0500FFB71DBDCF0C00E83F4A /* Bulletin */,
				0500FFCF1DBDCF0C00E83F4A /* BulletinTests */,
				0500FFDA1DBDCF0C00E83F4A /* BulletinUITests */,
				0500FFB61DBDCF0C00E83F4A /* Products */,
			);
			sourceTree = "<group>";
		};
		0500FFB61DBDCF0C00E83F4A /* Products */ = {
			isa = PBXGroup;
			children = (
				0500FFB51DBDCF0C00E83F4A /* Bulletin.app */,
				0500FFCC1DBDCF0C00E83F4A /* BulletinTests.xctest */,
				0500FFD71DBDCF0C00E83F4A /* BulletinUITests.xctest */,
			);
			name = Products;
			sourceTree = "<group>";
		};
		0500FFB71DBDCF0C00E83F4A /* Bulletin */ = {
			isa = PBXGroup;
			children = (
				057754E01DEAA56300C1A1EB /* Models */,
				057B82B61DE1818B009B059E /* Delegates */,
				050000061DBE246900E83F4A /* Common */,
				0500FFFA1DBDF52B00E83F4A /* Resources */,
				0500FFF81DBDF50300E83F4A /* ViewControllers */,
				0500FFF71DBDF4F500E83F4A /* Controls */,
				0500FFB81DBDCF0C00E83F4A /* AppDelegate.swift */,
				0500FFBC1DBDCF0C00E83F4A /* Main.storyboard */,
				0500FFC21DBDCF0C00E83F4A /* Assets.xcassets */,
				0500FFC41DBDCF0C00E83F4A /* LaunchScreen.storyboard */,
				0500FFC71DBDCF0C00E83F4A /* Info.plist */,
				0500FFBF1DBDCF0C00E83F4A /* Bulletin.xcdatamodeld */,
			);
			path = Bulletin;
			sourceTree = "<group>";
		};
		0500FFCF1DBDCF0C00E83F4A /* BulletinTests */ = {
			isa = PBXGroup;
			children = (
				0500FFD01DBDCF0C00E83F4A /* BulletinTests.swift */,
				0500FFD21DBDCF0C00E83F4A /* Info.plist */,
			);
			path = BulletinTests;
			sourceTree = "<group>";
		};
		0500FFDA1DBDCF0C00E83F4A /* BulletinUITests */ = {
			isa = PBXGroup;
			children = (
				0500FFDB1DBDCF0C00E83F4A /* BulletinUITests.swift */,
				0500FFDD1DBDCF0C00E83F4A /* Info.plist */,
			);
			path = BulletinUITests;
			sourceTree = "<group>";
		};
		0500FFF71DBDF4F500E83F4A /* Controls */ = {
			isa = PBXGroup;
			children = (
				0500FFE91DBDD06A00E83F4A /* FlatButton.swift */,
				0500FFF51DBDF17700E83F4A /* GrayBarView.swift */,
				0500FFFC1DBDF58F00E83F4A /* CircleLabelView.swift */,
				0500FFFE1DBE004B00E83F4A /* OrangeBarView.swift */,
				AA318E9B1DCC08EE0068F222 /* FlatTextField.swift */,
				AACF32D01DCC5AC500139293 /* CircleImageView.swift */,
				AA09416D1DCE63B7005F1F8D /* ItemImageView.swift */,
				057B82761DDFF39F009B059E /* ExpandImageView.swift */,
				057B82B41DE180CC009B059E /* ModalPopup.swift */,
			);
			name = Controls;
			sourceTree = "<group>";
		};
		0500FFF81DBDF50300E83F4A /* ViewControllers */ = {
			isa = PBXGroup;
			children = (
				057B82751DDFF32A009B059E /* Login */,
				056544F11DE3D3E2008AEB9A /* Main */,
			);
			name = ViewControllers;
			sourceTree = "<group>";
		};
		0500FFFA1DBDF52B00E83F4A /* Resources */ = {
			isa = PBXGroup;
			children = (
				057B827E1DE009FB009B059E /* Fonts */,
				0500FFFB1DBDF53400E83F4A /* Images */,
			);
			name = Resources;
			sourceTree = "<group>";
		};
		0500FFFB1DBDF53400E83F4A /* Images */ = {
			isa = PBXGroup;
			children = (
				050967971DF4F8B3001896C9 /* messaging_icon@2x.png */,
				0572209A1DF2857300BBC3FD /* title_icon@2x.png */,
				0572209C1DF285EE00BBC3FD /* price_icon@2x.png */,
				057220981DF2838000BBC3FD /* default_item@2x.png */,
				057B82C01DE1A449009B059E /* name_icon@2x.png */,
				057B82B91DE18B60009B059E /* exclamation_icon@2x.jpg */,
				057B82B01DE00F30009B059E /* asian_ghetto_men@2x.png */,
				AAD42CBC1DD29E4F001DC51E /* Meeting-50@2x.png */,
				AAA851FD1DD29A4600E36FF1 /* User Location Filled-50@2x.png */,
				AAA851FE1DD29A4600E36FF1 /* User Location-50@2x.png */,
				AAA851FF1DD29A4600E36FF1 /* Search-50@2x.png */,
				AAA852001DD29A4600E36FF1 /* Settings Filled-50@2x.png */,
				AAA852011DD29A4600E36FF1 /* Settings-50@2x.png */,
				AAA852021DD29A4600E36FF1 /* Speech Bubble Filled-50@2x.png */,
				AAA852031DD29A4600E36FF1 /* Speech Bubble-50@2x.png */,
				AAA852041DD29A4600E36FF1 /* Talk Male Filled-50.png */,
				AAA852051DD29A4600E36FF1 /* Talk Male-50@2x.png */,
				AAA852061DD29A4600E36FF1 /* Home Filled-50@2x.png */,
				AAA852071DD29A4600E36FF1 /* Message Filled-50@2x.png */,
				AAA852081DD29A4600E36FF1 /* Message-50@2x.png */,
				AAA852091DD29A4600E36FF1 /* Home-50@2x.png */,
				AAA851F91DD29A3700E36FF1 /* noImage@2x.png */,
				AAD42CC01DD2A52F001DC51E /* profile@2x.png */,
				AAA851F71DD299AA00E36FF1 /* sjsu@2x.png */,
				0500FFED1DBDE89A00E83F4A /* background@2x.jpg */,
				057B82781DDFF9B6009B059E /* background_second@2x.jpg */,
				057B827A1DDFFD44009B059E /* email_icon@2x.png */,
				0500FFEB1DBDE71800E83F4A /* bulletin_board_icon@2x.jpg */,
				057B827C1DDFFDF3009B059E /* password_icon@2x.png */,
			);
			name = Images;
			sourceTree = "<group>";
		};
		056544F11DE3D3E2008AEB9A /* Main */ = {
			isa = PBXGroup;
			children = (
				050000071DBE263300E83F4A /* MainTabBarController.swift */,
				0545A1AC1DF22BE20081F2B5 /* ItemViewController.swift */,
				0545A1AE1DF22BF50081F2B5 /* UserViewController.swift */,
				AA332A671DDE35940076C4A3 /* Home */,
				AAD42CC21DD2B657001DC51E /* Message */,
				AA09416A1DCDB1BC005F1F8D /* PostGroup */,
				056544F31DE3D3FA008AEB9A /* Activity */,
				056544F21DE3D3F5008AEB9A /* Settings */,
			);
			name = Main;
			sourceTree = "<group>";
		};
		056544F21DE3D3F5008AEB9A /* Settings */ = {
			isa = PBXGroup;
			children = (
				0526B7EA1DBEBAD4005A136C /* SettingsViewController.swift */,
			);
			name = Settings;
			sourceTree = "<group>";
		};
		056544F31DE3D3FA008AEB9A /* Activity */ = {
			isa = PBXGroup;
			children = (
				057754DF1DEAA38200C1A1EB /* Model */,
				0526B7EE1DBEBB67005A136C /* ActivityViewController.swift */,
			);
			name = Activity;
			sourceTree = "<group>";
		};
		057754DF1DEAA38200C1A1EB /* Model */ = {
			isa = PBXGroup;
			children = (
			);
			name = Model;
			sourceTree = "<group>";
		};
		057754E01DEAA56300C1A1EB /* Models */ = {
			isa = PBXGroup;
			children = (
				057754E11DEAA56E00C1A1EB /* ItemModel.swift */,
			);
			name = Models;
			sourceTree = "<group>";
		};
		057B82751DDFF32A009B059E /* Login */ = {
			isa = PBXGroup;
			children = (
				0500FFBA1DBDCF0C00E83F4A /* ViewController.swift */,
				057B82BE1DE19D7B009B059E /* RegisterViewController.swift */,
				05C8C70C1DE2CEA50063930F /* ConfirmViewController.swift */,
				050967951DF4E813001896C9 /* RetrieveProfileViewController.swift */,
			);
			name = Login;
			sourceTree = "<group>";
		};
		057B827E1DE009FB009B059E /* Fonts */ = {
			isa = PBXGroup;
			children = (
				057B827F1DE00B73009B059E /* SF */,
			);
			name = Fonts;
			sourceTree = "<group>";
		};
		057B827F1DE00B73009B059E /* SF */ = {
			isa = PBXGroup;
			children = (
				057B82931DE00B98009B059E /* Text */,
				057B82921DE00B8E009B059E /* Display */,
			);
			name = SF;
			sourceTree = "<group>";
		};
		057B82921DE00B8E009B059E /* Display */ = {
			isa = PBXGroup;
			children = (
				057B82801DE00B89009B059E /* SF-UI-Display-Medium.otf */,
				057B82811DE00B89009B059E /* SF-UI-Display-Regular.otf */,
				057B82821DE00B89009B059E /* SF-UI-Display-Semibold.otf */,
				057B82831DE00B89009B059E /* SF-UI-Display-Thin.otf */,
				057B82841DE00B89009B059E /* SF-UI-Display-Ultralight.otf */,
				057B82851DE00B89009B059E /* SF-UI-Display-Black.otf */,
				057B82861DE00B89009B059E /* SF-UI-Display-Bold.otf */,
				057B82871DE00B89009B059E /* SF-UI-Display-Heavy.otf */,
				057B82881DE00B89009B059E /* SF-UI-Display-Light.otf */,
			);
			name = Display;
			sourceTree = "<group>";
		};
		057B82931DE00B98009B059E /* Text */ = {
			isa = PBXGroup;
			children = (
				057B82941DE00BA7009B059E /* SF-UI-Text-Ultrathin.otf */,
				057B82951DE00BA7009B059E /* SF-UI-Text-UltrathinItalic.otf */,
				057B82961DE00BA7009B059E /* SF-UI-Text-Semibold.otf */,
				057B82971DE00BA7009B059E /* SF-UI-Text-SemiboldItalic.otf */,
				057B82981DE00BA7009B059E /* SF-UI-Text-MediumItalic.otf */,
				057B82991DE00BA7009B059E /* SF-UI-Text-Regular.otf */,
				057B829A1DE00BA7009B059E /* SF-UI-Text-RegularItalic.otf */,
				057B829B1DE00BA7009B059E /* SF-UI-Text-Heavy.otf */,
				057B829C1DE00BA7009B059E /* SF-UI-Text-HeavyItalic.otf */,
				057B829D1DE00BA7009B059E /* SF-UI-Text-Light.otf */,
				057B829E1DE00BA7009B059E /* SF-UI-Text-LightItalic.otf */,
				057B829F1DE00BA7009B059E /* SF-UI-Text-Medium.otf */,
				057B82A01DE00BA7009B059E /* SF-UI-Text-Bold.otf */,
				057B82A11DE00BA7009B059E /* SF-UI-Text-BoldItalic.otf */,
			);
			name = Text;
			sourceTree = "<group>";
		};
		057B82B61DE1818B009B059E /* Delegates */ = {
			isa = PBXGroup;
			children = (
				057B82B71DE181AC009B059E /* ModalPopupDelegate.swift */,
			);
			name = Delegates;
			sourceTree = "<group>";
		};
		AA0941651DCDA2A0005F1F8D /* Model */ = {
			isa = PBXGroup;
			children = (
				AA0941681DCDA9F0005F1F8D /* ItemCell.swift */,
				AA0941631DCD9C0C005F1F8D /* Item.swift */,
				AA0941661DCDA4AF005F1F8D /* ItemStore.swift */,
				AACC49D51DCF2DEE009D66B5 /* ImageStore.swift */,
				052427E81DF3D472000D363D /* BulletinItem.swift */,
			);
			name = Model;
			sourceTree = "<group>";
		};
		AA09416A1DCDB1BC005F1F8D /* PostGroup */ = {
			isa = PBXGroup;
			children = (
				AA0941651DCDA2A0005F1F8D /* Model */,
				0526B7EC1DBEBB19005A136C /* PostViewController.swift */,
				AA09416B1DCDB1DF005F1F8D /* DetailViewController.swift */,
			);
			name = PostGroup;
			sourceTree = "<group>";
		};
		AA332A671DDE35940076C4A3 /* Home */ = {
			isa = PBXGroup;
			children = (
				0526B7E61DBEBA72005A136C /* HomeViewController.swift */,
				AA332A731DDECAAE0076C4A3 /* PhotoInfoViewController.swift */,
				AA332A681DDE35A10076C4A3 /* Model */,
			);
			name = Home;
			sourceTree = "<group>";
		};
		AA332A681DDE35A10076C4A3 /* Model */ = {
			isa = PBXGroup;
			children = (
				AA332A691DDE35F20076C4A3 /* FlickrAPI.swift */,
				AA332A6B1DDE361B0076C4A3 /* Photo.swift */,
				AA332A6D1DDEC57A0076C4A3 /* PhotoDataSource.swift */,
				AA332A6F1DDEC5A60076C4A3 /* PhotoCollectionViewCell.swift */,
				AA332A711DDEC73C0076C4A3 /* PhotoStore.swift */,
				0545A1B01DF23A6F0081F2B5 /* ItemPhoto.swift */,
			);
			name = Model;
			sourceTree = "<group>";
		};
		AAD42CC21DD2B657001DC51E /* Message */ = {
			isa = PBXGroup;
			children = (
				AAD42CC51DD2BD47001DC51E /* Model */,
				0526B7E81DBEBAA0005A136C /* MessageViewController.swift */,
				AAD42CC31DD2B74E001DC51E /* DetailMessageViewController.swift */,
				05B9C1291DE640930095D8BA /* ConversationViewController.swift */,
			);
			name = Message;
			sourceTree = "<group>";
		};
		AAD42CC51DD2BD47001DC51E /* Model */ = {
			isa = PBXGroup;
			children = (
				AAD42CC61DD2BD6C001DC51E /* MessageCell.swift */,
				AAD42CC81DD2BD89001DC51E /* Message.swift */,
				AA332A651DDD93CE0076C4A3 /* MessageStore.swift */,
			);
			name = Model;
			sourceTree = "<group>";
		};
/* End PBXGroup section */

/* Begin PBXNativeTarget section */
		0500FFB41DBDCF0C00E83F4A /* Bulletin */ = {
			isa = PBXNativeTarget;
			buildConfigurationList = 0500FFE01DBDCF0C00E83F4A /* Build configuration list for PBXNativeTarget "Bulletin" */;
			buildPhases = (
				0500FFB11DBDCF0C00E83F4A /* Sources */,
				0500FFB21DBDCF0C00E83F4A /* Frameworks */,
				0500FFB31DBDCF0C00E83F4A /* Resources */,
			);
			buildRules = (
			);
			dependencies = (
			);
			name = Bulletin;
			productName = Bulletin;
			productReference = 0500FFB51DBDCF0C00E83F4A /* Bulletin.app */;
			productType = "com.apple.product-type.application";
		};
		0500FFCB1DBDCF0C00E83F4A /* BulletinTests */ = {
			isa = PBXNativeTarget;
			buildConfigurationList = 0500FFE31DBDCF0C00E83F4A /* Build configuration list for PBXNativeTarget "BulletinTests" */;
			buildPhases = (
				0500FFC81DBDCF0C00E83F4A /* Sources */,
				0500FFC91DBDCF0C00E83F4A /* Frameworks */,
				0500FFCA1DBDCF0C00E83F4A /* Resources */,
			);
			buildRules = (
			);
			dependencies = (
				0500FFCE1DBDCF0C00E83F4A /* PBXTargetDependency */,
			);
			name = BulletinTests;
			productName = BulletinTests;
			productReference = 0500FFCC1DBDCF0C00E83F4A /* BulletinTests.xctest */;
			productType = "com.apple.product-type.bundle.unit-test";
		};
		0500FFD61DBDCF0C00E83F4A /* BulletinUITests */ = {
			isa = PBXNativeTarget;
			buildConfigurationList = 0500FFE61DBDCF0C00E83F4A /* Build configuration list for PBXNativeTarget "BulletinUITests" */;
			buildPhases = (
				0500FFD31DBDCF0C00E83F4A /* Sources */,
				0500FFD41DBDCF0C00E83F4A /* Frameworks */,
				0500FFD51DBDCF0C00E83F4A /* Resources */,
			);
			buildRules = (
			);
			dependencies = (
				0500FFD91DBDCF0C00E83F4A /* PBXTargetDependency */,
			);
			name = BulletinUITests;
			productName = BulletinUITests;
			productReference = 0500FFD71DBDCF0C00E83F4A /* BulletinUITests.xctest */;
			productType = "com.apple.product-type.bundle.ui-testing";
		};
/* End PBXNativeTarget section */

/* Begin PBXProject section */
		0500FFAD1DBDCF0C00E83F4A /* Project object */ = {
			isa = PBXProject;
			attributes = {
				LastSwiftUpdateCheck = 0730;
				LastUpgradeCheck = 0730;
				ORGANIZATIONNAME = "KPP, Inc.";
				TargetAttributes = {
					0500FFB41DBDCF0C00E83F4A = {
						CreatedOnToolsVersion = 7.3.1;
						DevelopmentTeam = 35B6YY236L;
						LastSwiftMigration = 0800;
					};
					0500FFCB1DBDCF0C00E83F4A = {
						CreatedOnToolsVersion = 7.3.1;
						DevelopmentTeam = 35B6YY236L;
						LastSwiftMigration = 0800;
						TestTargetID = 0500FFB41DBDCF0C00E83F4A;
					};
					0500FFD61DBDCF0C00E83F4A = {
						CreatedOnToolsVersion = 7.3.1;
						DevelopmentTeam = 35B6YY236L;
						LastSwiftMigration = 0800;
						TestTargetID = 0500FFB41DBDCF0C00E83F4A;
					};
				};
			};
			buildConfigurationList = 0500FFB01DBDCF0C00E83F4A /* Build configuration list for PBXProject "Bulletin" */;
			compatibilityVersion = "Xcode 3.2";
			developmentRegion = English;
			hasScannedForEncodings = 0;
			knownRegions = (
				en,
				Base,
			);
			mainGroup = 0500FFAC1DBDCF0C00E83F4A;
			productRefGroup = 0500FFB61DBDCF0C00E83F4A /* Products */;
			projectDirPath = "";
			projectRoot = "";
			targets = (
				0500FFB41DBDCF0C00E83F4A /* Bulletin */,
				0500FFCB1DBDCF0C00E83F4A /* BulletinTests */,
				0500FFD61DBDCF0C00E83F4A /* BulletinUITests */,
			);
		};
/* End PBXProject section */

/* Begin PBXResourcesBuildPhase section */
		0500FFB31DBDCF0C00E83F4A /* Resources */ = {
			isa = PBXResourcesBuildPhase;
			buildActionMask = 2147483647;
			files = (
				050967981DF4F8B3001896C9 /* messaging_icon@2x.png in Resources */,
				0572209D1DF285EE00BBC3FD /* price_icon@2x.png in Resources */,
				0572209B1DF2857300BBC3FD /* title_icon@2x.png in Resources */,
				057220991DF2838000BBC3FD /* default_item@2x.png in Resources */,
				057B82C11DE1A449009B059E /* name_icon@2x.png in Resources */,
				057B82BA1DE18B60009B059E /* exclamation_icon@2x.jpg in Resources */,
				057B82B11DE00F30009B059E /* asian_ghetto_men@2x.png in Resources */,
				057B82A21DE00BA7009B059E /* SF-UI-Text-Ultrathin.otf in Resources */,
				057B82A31DE00BA7009B059E /* SF-UI-Text-UltrathinItalic.otf in Resources */,
				057B82A41DE00BA7009B059E /* SF-UI-Text-Semibold.otf in Resources */,
				057B82A51DE00BA7009B059E /* SF-UI-Text-SemiboldItalic.otf in Resources */,
				057B82A61DE00BA7009B059E /* SF-UI-Text-MediumItalic.otf in Resources */,
				057B82A71DE00BA7009B059E /* SF-UI-Text-Regular.otf in Resources */,
				057B82A81DE00BA7009B059E /* SF-UI-Text-RegularItalic.otf in Resources */,
				057B82A91DE00BA7009B059E /* SF-UI-Text-Heavy.otf in Resources */,
				057B82AA1DE00BA7009B059E /* SF-UI-Text-HeavyItalic.otf in Resources */,
				057B82AB1DE00BA7009B059E /* SF-UI-Text-Light.otf in Resources */,
				057B82AC1DE00BA7009B059E /* SF-UI-Text-LightItalic.otf in Resources */,
				057B82AD1DE00BA7009B059E /* SF-UI-Text-Medium.otf in Resources */,
				057B82AE1DE00BA7009B059E /* SF-UI-Text-Bold.otf in Resources */,
				057B82AF1DE00BA7009B059E /* SF-UI-Text-BoldItalic.otf in Resources */,
				057B82891DE00B89009B059E /* SF-UI-Display-Medium.otf in Resources */,
				057B828A1DE00B89009B059E /* SF-UI-Display-Regular.otf in Resources */,
				057B828B1DE00B89009B059E /* SF-UI-Display-Semibold.otf in Resources */,
				057B828C1DE00B89009B059E /* SF-UI-Display-Thin.otf in Resources */,
				057B828D1DE00B89009B059E /* SF-UI-Display-Ultralight.otf in Resources */,
				057B828E1DE00B89009B059E /* SF-UI-Display-Black.otf in Resources */,
				057B828F1DE00B89009B059E /* SF-UI-Display-Bold.otf in Resources */,
				057B82901DE00B89009B059E /* SF-UI-Display-Heavy.otf in Resources */,
				057B82911DE00B89009B059E /* SF-UI-Display-Light.otf in Resources */,
				057B827D1DDFFDF3009B059E /* password_icon@2x.png in Resources */,
				057B827B1DDFFD44009B059E /* email_icon@2x.png in Resources */,
				057B82791DDFF9B6009B059E /* background_second@2x.jpg in Resources */,
				AAA852121DD29A4600E36FF1 /* Talk Male-50@2x.png in Resources */,
				0500FFEE1DBDE89A00E83F4A /* background@2x.jpg in Resources */,
				AAA852101DD29A4600E36FF1 /* Speech Bubble-50@2x.png in Resources */,
				AAA851F81DD299AA00E36FF1 /* sjsu@2x.png in Resources */,
				AAA852151DD29A4600E36FF1 /* Message-50@2x.png in Resources */,
				AAA8520B1DD29A4600E36FF1 /* User Location-50@2x.png in Resources */,
				AAA8520D1DD29A4600E36FF1 /* Settings Filled-50@2x.png in Resources */,
				AAA851FB1DD29A3700E36FF1 /* noImage@2x.png in Resources */,
				AAA852111DD29A4600E36FF1 /* Talk Male Filled-50.png in Resources */,
				AAA8520E1DD29A4600E36FF1 /* Settings-50@2x.png in Resources */,
				0500FFEC1DBDE71800E83F4A /* bulletin_board_icon@2x.jpg in Resources */,
				AAA8520F1DD29A4600E36FF1 /* Speech Bubble Filled-50@2x.png in Resources */,
				AAA852161DD29A4600E36FF1 /* Home-50@2x.png in Resources */,
				AAA852131DD29A4600E36FF1 /* Home Filled-50@2x.png in Resources */,
				AAA852141DD29A4600E36FF1 /* Message Filled-50@2x.png in Resources */,
				AAA8520C1DD29A4600E36FF1 /* Search-50@2x.png in Resources */,
				AAD42CC11DD2A52F001DC51E /* profile@2x.png in Resources */,
				AAD42CBD1DD29E4F001DC51E /* Meeting-50@2x.png in Resources */,
				0500FFC61DBDCF0C00E83F4A /* LaunchScreen.storyboard in Resources */,
				0500FFC31DBDCF0C00E83F4A /* Assets.xcassets in Resources */,
				0500FFBE1DBDCF0C00E83F4A /* Main.storyboard in Resources */,
				AAA8520A1DD29A4600E36FF1 /* User Location Filled-50@2x.png in Resources */,
			);
			runOnlyForDeploymentPostprocessing = 0;
		};
		0500FFCA1DBDCF0C00E83F4A /* Resources */ = {
			isa = PBXResourcesBuildPhase;
			buildActionMask = 2147483647;
			files = (
			);
			runOnlyForDeploymentPostprocessing = 0;
		};
		0500FFD51DBDCF0C00E83F4A /* Resources */ = {
			isa = PBXResourcesBuildPhase;
			buildActionMask = 2147483647;
			files = (
			);
			runOnlyForDeploymentPostprocessing = 0;
		};
/* End PBXResourcesBuildPhase section */

/* Begin PBXSourcesBuildPhase section */
		0500FFB11DBDCF0C00E83F4A /* Sources */ = {
			isa = PBXSourcesBuildPhase;
			buildActionMask = 2147483647;
			files = (
				050000081DBE263300E83F4A /* MainTabBarController.swift in Sources */,
				0526B7ED1DBEBB19005A136C /* PostViewController.swift in Sources */,
				AAD42CC91DD2BD89001DC51E /* Message.swift in Sources */,
				AA09416E1DCE63B7005F1F8D /* ItemImageView.swift in Sources */,
				AA0941641DCD9C0C005F1F8D /* Item.swift in Sources */,
				057B82771DDFF39F009B059E /* ExpandImageView.swift in Sources */,
				0500FFFF1DBE004B00E83F4A /* OrangeBarView.swift in Sources */,
				0545A1AF1DF22BF50081F2B5 /* UserViewController.swift in Sources */,
				AA0941671DCDA4AF005F1F8D /* ItemStore.swift in Sources */,
				057B82B51DE180CC009B059E /* ModalPopup.swift in Sources */,
				AA332A6A1DDE35F20076C4A3 /* FlickrAPI.swift in Sources */,
				057754E21DEAA56E00C1A1EB /* ItemModel.swift in Sources */,
				052427E91DF3D472000D363D /* BulletinItem.swift in Sources */,
				AA332A721DDEC73C0076C4A3 /* PhotoStore.swift in Sources */,
				0545A1B11DF23A6F0081F2B5 /* ItemPhoto.swift in Sources */,
				0526B7E91DBEBAA0005A136C /* MessageViewController.swift in Sources */,
				0500FFBB1DBDCF0C00E83F4A /* ViewController.swift in Sources */,
				0526B7E71DBEBA72005A136C /* HomeViewController.swift in Sources */,
				0526B7EB1DBEBAD4005A136C /* SettingsViewController.swift in Sources */,
				050967961DF4E813001896C9 /* RetrieveProfileViewController.swift in Sources */,
				AACF32D11DCC5AC500139293 /* CircleImageView.swift in Sources */,
				057B82BF1DE19D7B009B059E /* RegisterViewController.swift in Sources */,
				AAD42CC71DD2BD6C001DC51E /* MessageCell.swift in Sources */,
				AA332A741DDECAAE0076C4A3 /* PhotoInfoViewController.swift in Sources */,
				AA332A6C1DDE361B0076C4A3 /* Photo.swift in Sources */,
				AA332A6E1DDEC57A0076C4A3 /* PhotoDataSource.swift in Sources */,
				AA318E9C1DCC08EE0068F222 /* FlatTextField.swift in Sources */,
				AA332A701DDEC5A60076C4A3 /* PhotoCollectionViewCell.swift in Sources */,
				057B82B31DE01438009B059E /* BulletinAPI.swift in Sources */,
				AA09416C1DCDB1DF005F1F8D /* DetailViewController.swift in Sources */,
				AA0941691DCDA9F0005F1F8D /* ItemCell.swift in Sources */,
				0500FFB91DBDCF0C00E83F4A /* AppDelegate.swift in Sources */,
				AA332A661DDD93CE0076C4A3 /* MessageStore.swift in Sources */,
				0500FFEA1DBDD06A00E83F4A /* FlatButton.swift in Sources */,
				05B9C12A1DE640930095D8BA /* ConversationViewController.swift in Sources */,
				0526B7EF1DBEBB67005A136C /* ActivityViewController.swift in Sources */,
				AACC49D61DCF2DEE009D66B5 /* ImageStore.swift in Sources */,
				0545A1AD1DF22BE20081F2B5 /* ItemViewController.swift in Sources */,
				0500FFF01DBDE98400E83F4A /* Singleton.swift in Sources */,
				0500FFFD1DBDF58F00E83F4A /* CircleLabelView.swift in Sources */,
				AAD42CC41DD2B74E001DC51E /* DetailMessageViewController.swift in Sources */,
				0500FFF61DBDF17700E83F4A /* GrayBarView.swift in Sources */,
				05C8C70D1DE2CEA50063930F /* ConfirmViewController.swift in Sources */,
				0500FFC11DBDCF0C00E83F4A /* Bulletin.xcdatamodeld in Sources */,
				057B82B81DE181AC009B059E /* ModalPopupDelegate.swift in Sources */,
			);
			runOnlyForDeploymentPostprocessing = 0;
		};
		0500FFC81DBDCF0C00E83F4A /* Sources */ = {
			isa = PBXSourcesBuildPhase;
			buildActionMask = 2147483647;
			files = (
				0500FFD11DBDCF0C00E83F4A /* BulletinTests.swift in Sources */,
			);
			runOnlyForDeploymentPostprocessing = 0;
		};
		0500FFD31DBDCF0C00E83F4A /* Sources */ = {
			isa = PBXSourcesBuildPhase;
			buildActionMask = 2147483647;
			files = (
				0500FFDC1DBDCF0C00E83F4A /* BulletinUITests.swift in Sources */,
			);
			runOnlyForDeploymentPostprocessing = 0;
		};
/* End PBXSourcesBuildPhase section */

/* Begin PBXTargetDependency section */
		0500FFCE1DBDCF0C00E83F4A /* PBXTargetDependency */ = {
			isa = PBXTargetDependency;
			target = 0500FFB41DBDCF0C00E83F4A /* Bulletin */;
			targetProxy = 0500FFCD1DBDCF0C00E83F4A /* PBXContainerItemProxy */;
		};
		0500FFD91DBDCF0C00E83F4A /* PBXTargetDependency */ = {
			isa = PBXTargetDependency;
			target = 0500FFB41DBDCF0C00E83F4A /* Bulletin */;
			targetProxy = 0500FFD81DBDCF0C00E83F4A /* PBXContainerItemProxy */;
		};
/* End PBXTargetDependency section */

/* Begin PBXVariantGroup section */
		0500FFBC1DBDCF0C00E83F4A /* Main.storyboard */ = {
			isa = PBXVariantGroup;
			children = (
				0500FFBD1DBDCF0C00E83F4A /* Base */,
			);
			name = Main.storyboard;
			sourceTree = "<group>";
		};
		0500FFC41DBDCF0C00E83F4A /* LaunchScreen.storyboard */ = {
			isa = PBXVariantGroup;
			children = (
				0500FFC51DBDCF0C00E83F4A /* Base */,
			);
			name = LaunchScreen.storyboard;
			sourceTree = "<group>";
		};
/* End PBXVariantGroup section */

/* Begin XCBuildConfiguration section */
		0500FFDE1DBDCF0C00E83F4A /* Debug */ = {
			isa = XCBuildConfiguration;
			buildSettings = {
				ALWAYS_SEARCH_USER_PATHS = NO;
				CLANG_ANALYZER_NONNULL = YES;
				CLANG_CXX_LANGUAGE_STANDARD = "gnu++0x";
				CLANG_CXX_LIBRARY = "libc++";
				CLANG_ENABLE_MODULES = YES;
				CLANG_ENABLE_OBJC_ARC = YES;
				CLANG_WARN_BOOL_CONVERSION = YES;
				CLANG_WARN_CONSTANT_CONVERSION = YES;
				CLANG_WARN_DIRECT_OBJC_ISA_USAGE = YES_ERROR;
				CLANG_WARN_EMPTY_BODY = YES;
				CLANG_WARN_ENUM_CONVERSION = YES;
				CLANG_WARN_INT_CONVERSION = YES;
				CLANG_WARN_OBJC_ROOT_CLASS = YES_ERROR;
				CLANG_WARN_UNREACHABLE_CODE = YES;
				CLANG_WARN__DUPLICATE_METHOD_MATCH = YES;
				"CODE_SIGN_IDENTITY[sdk=iphoneos*]" = "iPhone Developer";
				COPY_PHASE_STRIP = NO;
				DEBUG_INFORMATION_FORMAT = dwarf;
				DEVELOPMENT_TEAM = 35B6YY236L;
				ENABLE_STRICT_OBJC_MSGSEND = YES;
				ENABLE_TESTABILITY = YES;
				GCC_C_LANGUAGE_STANDARD = gnu99;
				GCC_DYNAMIC_NO_PIC = NO;
				GCC_NO_COMMON_BLOCKS = YES;
				GCC_OPTIMIZATION_LEVEL = 0;
				GCC_PREPROCESSOR_DEFINITIONS = (
					"DEBUG=1",
					"$(inherited)",
				);
				GCC_WARN_64_TO_32_BIT_CONVERSION = YES;
				GCC_WARN_ABOUT_RETURN_TYPE = YES_ERROR;
				GCC_WARN_UNDECLARED_SELECTOR = YES;
				GCC_WARN_UNINITIALIZED_AUTOS = YES_AGGRESSIVE;
				GCC_WARN_UNUSED_FUNCTION = YES;
				GCC_WARN_UNUSED_VARIABLE = YES;
				IPHONEOS_DEPLOYMENT_TARGET = 9.3;
				MTL_ENABLE_DEBUG_INFO = YES;
				ONLY_ACTIVE_ARCH = YES;
				SDKROOT = iphoneos;
				SWIFT_OPTIMIZATION_LEVEL = "-Onone";
				SWIFT_VERSION = 2.3;
			};
			name = Debug;
		};
		0500FFDF1DBDCF0C00E83F4A /* Release */ = {
			isa = XCBuildConfiguration;
			buildSettings = {
				ALWAYS_SEARCH_USER_PATHS = NO;
				CLANG_ANALYZER_NONNULL = YES;
				CLANG_CXX_LANGUAGE_STANDARD = "gnu++0x";
				CLANG_CXX_LIBRARY = "libc++";
				CLANG_ENABLE_MODULES = YES;
				CLANG_ENABLE_OBJC_ARC = YES;
				CLANG_WARN_BOOL_CONVERSION = YES;
				CLANG_WARN_CONSTANT_CONVERSION = YES;
				CLANG_WARN_DIRECT_OBJC_ISA_USAGE = YES_ERROR;
				CLANG_WARN_EMPTY_BODY = YES;
				CLANG_WARN_ENUM_CONVERSION = YES;
				CLANG_WARN_INT_CONVERSION = YES;
				CLANG_WARN_OBJC_ROOT_CLASS = YES_ERROR;
				CLANG_WARN_UNREACHABLE_CODE = YES;
				CLANG_WARN__DUPLICATE_METHOD_MATCH = YES;
				"CODE_SIGN_IDENTITY[sdk=iphoneos*]" = "iPhone Developer";
				COPY_PHASE_STRIP = NO;
				DEBUG_INFORMATION_FORMAT = "dwarf-with-dsym";
				DEVELOPMENT_TEAM = 35B6YY236L;
				ENABLE_NS_ASSERTIONS = NO;
				ENABLE_STRICT_OBJC_MSGSEND = YES;
				GCC_C_LANGUAGE_STANDARD = gnu99;
				GCC_NO_COMMON_BLOCKS = YES;
				GCC_WARN_64_TO_32_BIT_CONVERSION = YES;
				GCC_WARN_ABOUT_RETURN_TYPE = YES_ERROR;
				GCC_WARN_UNDECLARED_SELECTOR = YES;
				GCC_WARN_UNINITIALIZED_AUTOS = YES_AGGRESSIVE;
				GCC_WARN_UNUSED_FUNCTION = YES;
				GCC_WARN_UNUSED_VARIABLE = YES;
				IPHONEOS_DEPLOYMENT_TARGET = 9.3;
				MTL_ENABLE_DEBUG_INFO = NO;
				SDKROOT = iphoneos;
				SWIFT_VERSION = 2.3;
				VALIDATE_PRODUCT = YES;
			};
			name = Release;
		};
		0500FFE11DBDCF0C00E83F4A /* Debug */ = {
			isa = XCBuildConfiguration;
			buildSettings = {
				ASSETCATALOG_COMPILER_APPICON_NAME = AppIcon;
				INFOPLIST_FILE = Bulletin/Info.plist;
				LD_RUNPATH_SEARCH_PATHS = "$(inherited) @executable_path/Frameworks";
				PRODUCT_BUNDLE_IDENTIFIER = com.kpp.Bulletin;
				PRODUCT_NAME = "$(TARGET_NAME)";
				SWIFT_VERSION = 2.3;
			};
			name = Debug;
		};
		0500FFE21DBDCF0C00E83F4A /* Release */ = {
			isa = XCBuildConfiguration;
			buildSettings = {
				ASSETCATALOG_COMPILER_APPICON_NAME = AppIcon;
				INFOPLIST_FILE = Bulletin/Info.plist;
				LD_RUNPATH_SEARCH_PATHS = "$(inherited) @executable_path/Frameworks";
				PRODUCT_BUNDLE_IDENTIFIER = com.kpp.Bulletin;
				PRODUCT_NAME = "$(TARGET_NAME)";
				SWIFT_VERSION = 2.3;
			};
			name = Release;
		};
		0500FFE41DBDCF0C00E83F4A /* Debug */ = {
			isa = XCBuildConfiguration;
			buildSettings = {
				BUNDLE_LOADER = "$(TEST_HOST)";
				INFOPLIST_FILE = BulletinTests/Info.plist;
				LD_RUNPATH_SEARCH_PATHS = "$(inherited) @executable_path/Frameworks @loader_path/Frameworks";
				PRODUCT_BUNDLE_IDENTIFIER = com.kpp.BulletinTests;
				PRODUCT_NAME = "$(TARGET_NAME)";
				SWIFT_VERSION = 2.3;
				TEST_HOST = "$(BUILT_PRODUCTS_DIR)/Bulletin.app/Bulletin";
			};
			name = Debug;
		};
		0500FFE51DBDCF0C00E83F4A /* Release */ = {
			isa = XCBuildConfiguration;
			buildSettings = {
				BUNDLE_LOADER = "$(TEST_HOST)";
				INFOPLIST_FILE = BulletinTests/Info.plist;
				LD_RUNPATH_SEARCH_PATHS = "$(inherited) @executable_path/Frameworks @loader_path/Frameworks";
				PRODUCT_BUNDLE_IDENTIFIER = com.kpp.BulletinTests;
				PRODUCT_NAME = "$(TARGET_NAME)";
				SWIFT_VERSION = 2.3;
				TEST_HOST = "$(BUILT_PRODUCTS_DIR)/Bulletin.app/Bulletin";
			};
			name = Release;
		};
		0500FFE71DBDCF0C00E83F4A /* Debug */ = {
			isa = XCBuildConfiguration;
			buildSettings = {
				INFOPLIST_FILE = BulletinUITests/Info.plist;
				LD_RUNPATH_SEARCH_PATHS = "$(inherited) @executable_path/Frameworks @loader_path/Frameworks";
				PRODUCT_BUNDLE_IDENTIFIER = com.kpp.BulletinUITests;
				PRODUCT_NAME = "$(TARGET_NAME)";
				SWIFT_VERSION = 2.3;
				TEST_TARGET_NAME = Bulletin;
			};
			name = Debug;
		};
		0500FFE81DBDCF0C00E83F4A /* Release */ = {
			isa = XCBuildConfiguration;
			buildSettings = {
				INFOPLIST_FILE = BulletinUITests/Info.plist;
				LD_RUNPATH_SEARCH_PATHS = "$(inherited) @executable_path/Frameworks @loader_path/Frameworks";
				PRODUCT_BUNDLE_IDENTIFIER = com.kpp.BulletinUITests;
				PRODUCT_NAME = "$(TARGET_NAME)";
				SWIFT_VERSION = 2.3;
				TEST_TARGET_NAME = Bulletin;
			};
			name = Release;
		};
/* End XCBuildConfiguration section */

/* Begin XCConfigurationList section */
		0500FFB01DBDCF0C00E83F4A /* Build configuration list for PBXProject "Bulletin" */ = {
			isa = XCConfigurationList;
			buildConfigurations = (
				0500FFDE1DBDCF0C00E83F4A /* Debug */,
				0500FFDF1DBDCF0C00E83F4A /* Release */,
			);
			defaultConfigurationIsVisible = 0;
			defaultConfigurationName = Release;
		};
		0500FFE01DBDCF0C00E83F4A /* Build configuration list for PBXNativeTarget "Bulletin" */ = {
			isa = XCConfigurationList;
			buildConfigurations = (
				0500FFE11DBDCF0C00E83F4A /* Debug */,
				0500FFE21DBDCF0C00E83F4A /* Release */,
			);
			defaultConfigurationIsVisible = 0;
			defaultConfigurationName = Release;
		};
		0500FFE31DBDCF0C00E83F4A /* Build configuration list for PBXNativeTarget "BulletinTests" */ = {
			isa = XCConfigurationList;
			buildConfigurations = (
				0500FFE41DBDCF0C00E83F4A /* Debug */,
				0500FFE51DBDCF0C00E83F4A /* Release */,
			);
			defaultConfigurationIsVisible = 0;
			defaultConfigurationName = Release;
		};
		0500FFE61DBDCF0C00E83F4A /* Build configuration list for PBXNativeTarget "BulletinUITests" */ = {
			isa = XCConfigurationList;
			buildConfigurations = (
				0500FFE71DBDCF0C00E83F4A /* Debug */,
				0500FFE81DBDCF0C00E83F4A /* Release */,
			);
			defaultConfigurationIsVisible = 0;
			defaultConfigurationName = Release;
		};
/* End XCConfigurationList section */

/* Begin XCVersionGroup section */
		0500FFBF1DBDCF0C00E83F4A /* Bulletin.xcdatamodeld */ = {
			isa = XCVersionGroup;
			children = (
				0500FFC01DBDCF0C00E83F4A /* Bulletin.xcdatamodel */,
			);
			currentVersion = 0500FFC01DBDCF0C00E83F4A /* Bulletin.xcdatamodel */;
			path = Bulletin.xcdatamodeld;
			sourceTree = "<group>";
			versionGroupType = wrapper.xcdatamodel;
		};
/* End XCVersionGroup section */
	};
	rootObject = 0500FFAD1DBDCF0C00E83F4A /* Project object */;
}
